
Microsoft Visual Studio Solution File, Format Version 12.00
# Visual Studio Version 16
VisualStudioVersion = 16.0.32126.315
MinimumVisualStudioVersion = 10.0.40219.1
Project("{FAE04EC0-301F-11D3-BF4B-00C04F79EFBC}") = "PieShop", "PieShop\PieShop.csproj", "{9F0F8FE9-118D-4A2D-B20C-BD18EA366FC6}"
EndProject
Global
	GlobalSection(SolutionConfigurationPlatforms) = preSolution
		Debug|Any CPU = Debug|Any CPU
		Release|Any CPU = Release|Any CPU
	EndGlobalSection
	GlobalSection(ProjectConfigurationPlatforms) = postSolution
		{9F0F8FE9-118D-4A2D-B20C-BD18EA366FC6}.Debug|Any CPU.ActiveCfg = Debug|Any CPU
		{9F0F8FE9-118D-4A2D-B20C-BD18EA366FC6}.Debug|Any CPU.Build.0 = Debug|Any CPU
		{9F0F8FE9-118D-4A2D-B20C-BD18EA366FC6}.Release|Any CPU.ActiveCfg = Release|Any CPU
		{9F0F8FE9-118D-4A2D-B20C-BD18EA366FC6}.Release|Any CPU.Build.0 = Release|Any CPU
	EndGlobalSection
	GlobalSection(SolutionProperties) = preSolution
		HideSolutionNode = FALSE
	EndGlobalSection
	GlobalSection(ExtensibilityGlobals) = postSolution
		SolutionGuid = {ACE100B8-D532-4DDA-96E5-348A8F746C83}
	EndGlobalSection
EndGlobal
